
Microsoft Visual Studio Solution File, Format Version 12.00
# Visual Studio Version 16
VisualStudioVersion = 16.0.31624.102
MinimumVisualStudioVersion = 10.0.40219.1
Project("{FAE04EC0-301F-11D3-BF4B-00C04F79EFBC}") = "Project1", "Project1\Project1.csproj", "{EDC0D0C1-27B6-441A-A997-41EBF50A34C7}"
EndProject
Global
	GlobalSection(SolutionConfigurationPlatforms) = preSolution
		Debug|Any CPU = Debug|Any CPU
		Release|Any CPU = Release|Any CPU
	EndGlobalSection
	GlobalSection(ProjectConfigurationPlatforms) = postSolution
		{EDC0D0C1-27B6-441A-A997-41EBF50A34C7}.Debug|Any CPU.ActiveCfg = Debug|Any CPU
		{EDC0D0C1-27B6-441A-A997-41EBF50A34C7}.Debug|Any CPU.Build.0 = Debug|Any CPU
		{EDC0D0C1-27B6-441A-A997-41EBF50A34C7}.Release|Any CPU.ActiveCfg = Release|Any CPU
		{EDC0D0C1-27B6-441A-A997-41EBF50A34C7}.Release|Any CPU.Build.0 = Release|Any CPU
	EndGlobalSection
	GlobalSection(SolutionProperties) = preSolution
		HideSolutionNode = FALSE
	EndGlobalSection
	GlobalSection(ExtensibilityGlobals) = postSolution
		SolutionGuid = {FE28D511-030D-4FC9-B493-8EC521FF2B1E}
	EndGlobalSection
EndGlobal
